{
  "name": "@reportproof/security-intake",
  "version": "0.0.0",
  "lockfileVersion": 3,
  "requires": true,
  "packages": {
    "": {
      "name": "@reportproof/security-intake",
      "version": "0.0.0",
      "license": "MIT",
      "bin": {
        "security-intake": "src/cli.js"
      },
      "engines": {
        "node": ">=20"
      }
    }
  }
}
